// !$*UTF8*$!
{
	archiveVersion = 1;
	classes = {
	};
	objectVersion = 46;
	objects = {

/* Begin PBXBuildFile section */
		576F092B1E9B83830067D018 /* main.m in Sources */ = {isa = PBXBuildFile; fileRef = 576F092A1E9B83830067D018 /* main.m */; };
		576F092E1E9B83830067D018 /* AppDelegate.m in Sources */ = {isa = PBXBuildFile; fileRef = 576F092D1E9B83830067D018 /* AppDelegate.m */; };
		576F09311E9B83830067D018 /* ViewController.m in Sources */ = {isa = PBXBuildFile; fileRef = 576F09301E9B83830067D018 /* ViewController.m */; };
		576F09341E9B83840067D018 /* Main.storyboard in Resources */ = {isa = PBXBuildFile; fileRef = 576F09321E9B83840067D018 /* Main.storyboard */; };
		576F09361E9B83840067D018 /* Assets.xcassets in Resources */ = {isa = PBXBuildFile; fileRef = 576F09351E9B83840067D018 /* Assets.xcassets */; };
		576F09391E9B83840067D018 /* LaunchScreen.storyboard in Resources */ = {isa = PBXBuildFile; fileRef = 576F09371E9B83840067D018 /* LaunchScreen.storyboard */; };
		576F09441E9B83840067D018 /* VXRootPageServiceProtocolTests.m in Sources */ = {isa = PBXBuildFile; fileRef = 576F09431E9B83840067D018 /* VXRootPageServiceProtocolTests.m */; };
		576F094F1E9B83840067D018 /* VXRootPageServiceProtocolUITests.m in Sources */ = {isa = PBXBuildFile; fileRef = 576F094E1E9B83840067D018 /* VXRootPageServiceProtocolUITests.m */; };
/* End PBXBuildFile section */

/* Begin PBXContainerItemProxy section */
		576F09401E9B83840067D018 /* PBXContainerItemProxy */ = {
			isa = PBXContainerItemProxy;
			containerPortal = 576F091E1E9B83830067D018 /* Project object */;
			proxyType = 1;
			remoteGlobalIDString = 576F09251E9B83830067D018;
			remoteInfo = VXRootPageServiceProtocol;
		};
		576F094B1E9B83840067D018 /* PBXContainerItemProxy */ = {
			isa = PBXContainerItemProxy;
			containerPortal = 576F091E1E9B83830067D018 /* Project object */;
			proxyType = 1;
			remoteGlobalIDString = 576F09251E9B83830067D018;
			remoteInfo = VXRootPageServiceProtocol;
		};
/* End PBXContainerItemProxy section */

/* Begin PBXFileReference section */
		576F09261E9B83830067D018 /* VXRootPageServiceProtocol.app */ = {isa = PBXFileReference; explicitFileType = wrapper.application; includeInIndex = 0; path = VXRootPageServiceProtocol.app; sourceTree = BUILT_PRODUCTS_DIR; };
		576F092A1E9B83830067D018 /* main.m */ = {isa = PBXFileReference; lastKnownFileType = sourcecode.c.objc; path = main.m; sourceTree = "<group>"; };
		576F092C1E9B83830067D018 /* AppDelegate.h */ = {isa = PBXFileReference; lastKnownFileType = sourcecode.c.h; path = AppDelegate.h; sourceTree = "<group>"; };
		576F092D1E9B83830067D018 /* AppDelegate.m */ = {isa = PBXFileReference; lastKnownFileType = sourcecode.c.objc; path = AppDelegate.m; sourceTree = "<group>"; };
		576F092F1E9B83830067D018 /* ViewController.h */ = {isa = PBXFileReference; lastKnownFileType = sourcecode.c.h; path = ViewController.h; sourceTree = "<group>"; };
		576F09301E9B83830067D018 /* ViewController.m */ = {isa = PBXFileReference; lastKnownFileType = sourcecode.c.objc; path = ViewController.m; sourceTree = "<group>"; };
		576F09331E9B83840067D018 /* Base */ = {isa = PBXFileReference; lastKnownFileType = file.storyboard; name = Base; path = Base.lproj/Main.storyboard; sourceTree = "<group>"; };
		576F09351E9B83840067D018 /* Assets.xcassets */ = {isa = PBXFileReference; lastKnownFileType = folder.assetcatalog; path = Assets.xcassets; sourceTree = "<group>"; };
		576F09381E9B83840067D018 /* Base */ = {isa = PBXFileReference; lastKnownFileType = file.storyboard; name = Base; path = Base.lproj/LaunchScreen.storyboard; sourceTree = "<group>"; };
		576F093A1E9B83840067D018 /* Info.plist */ = {isa = PBXFileReference; lastKnownFileType = text.plist.xml; path = Info.plist; sourceTree = "<group>"; };
		576F093F1E9B83840067D018 /* VXRootPageServiceProtocolTests.xctest */ = {isa = PBXFileReference; explicitFileType = wrapper.cfbundle; includeInIndex = 0; path = VXRootPageServiceProtocolTests.xctest; sourceTree = BUILT_PRODUCTS_DIR; };
		576F09431E9B83840067D018 /* VXRootPageServiceProtocolTests.m */ = {isa = PBXFileReference; lastKnownFileType = sourcecode.c.objc; path = VXRootPageServiceProtocolTests.m; sourceTree = "<group>"; };
		576F09451E9B83840067D018 /* Info.plist */ = {isa = PBXFileReference; lastKnownFileType = text.plist.xml; path = Info.plist; sourceTree = "<group>"; };
		576F094A1E9B83840067D018 /* VXRootPageServiceProtocolUITests.xctest */ = {isa = PBXFileReference; explicitFileType = wrapper.cfbundle; includeInIndex = 0; path = VXRootPageServiceProtocolUITests.xctest; sourceTree = BUILT_PRODUCTS_DIR; };
		576F094E1E9B83840067D018 /* VXRootPageServiceProtocolUITests.m */ = {isa = PBXFileReference; lastKnownFileType = sourcecode.c.objc; path = VXRootPageServiceProtocolUITests.m; sourceTree = "<group>"; };
		576F09501E9B83840067D018 /* Info.plist */ = {isa = PBXFileReference; lastKnownFileType = text.plist.xml; path = Info.plist; sourceTree = "<group>"; };
/* End PBXFileReference section */

/* Begin PBXFrameworksBuildPhase section */
		576F09231E9B83830067D018 /* Frameworks */ = {
			isa = PBXFrameworksBuildPhase;
			buildActionMask = 2147483647;
			files = (
			);
			runOnlyForDeploymentPostprocessing = 0;
		};
		576F093C1E9B83840067D018 /* Frameworks */ = {
			isa = PBXFrameworksBuildPhase;
			buildActionMask = 2147483647;
			files = (
			);
			runOnlyForDeploymentPostprocessing = 0;
		};
		576F09471E9B83840067D018 /* Frameworks */ = {
			isa = PBXFrameworksBuildPhase;
			buildActionMask = 2147483647;
			files = (
			);
			runOnlyForDeploymentPostprocessing = 0;
		};
/* End PBXFrameworksBuildPhase section */

/* Begin PBXGroup section */
		576F091D1E9B83830067D018 = {
			isa = PBXGroup;
			children = (
				576F09281E9B83830067D018 /* VXRootPageServiceProtocol */,
				576F09421E9B83840067D018 /* VXRootPageServiceProtocolTests */,
				576F094D1E9B83840067D018 /* VXRootPageServiceProtocolUITests */,
				576F09271E9B83830067D018 /* Products */,
			);
			sourceTree = "<group>";
		};
		576F09271E9B83830067D018 /* Products */ = {
			isa = PBXGroup;
			children = (
				576F09261E9B83830067D018 /* VXRootPageServiceProtocol.app */,
				576F093F1E9B83840067D018 /* VXRootPageServiceProtocolTests.xctest */,
				576F094A1E9B83840067D018 /* VXRootPageServiceProtocolUITests.xctest */,
			);
			name = Products;
			sourceTree = "<group>";
		};
		576F09281E9B83830067D018 /* VXRootPageServiceProtocol */ = {
			isa = PBXGroup;
			children = (
				576F092C1E9B83830067D018 /* AppDelegate.h */,
				576F092D1E9B83830067D018 /* AppDelegate.m */,
				576F092F1E9B83830067D018 /* ViewController.h */,
				576F09301E9B83830067D018 /* ViewController.m */,
				576F09321E9B83840067D018 /* Main.storyboard */,
				576F09351E9B83840067D018 /* Assets.xcassets */,
				576F09371E9B83840067D018 /* LaunchScreen.storyboard */,
				576F093A1E9B83840067D018 /* Info.plist */,
				576F09291E9B83830067D018 /* Supporting Files */,
			);
			path = VXRootPageServiceProtocol;
			sourceTree = "<group>";
		};
		576F09291E9B83830067D018 /* Supporting Files */ = {
			isa = PBXGroup;
			children = (
				576F092A1E9B83830067D018 /* main.m */,
			);
			name = "Supporting Files";
			sourceTree = "<group>";
		};
		576F09421E9B83840067D018 /* VXRootPageServiceProtocolTests */ = {
			isa = PBXGroup;
			children = (
				576F09431E9B83840067D018 /* VXRootPageServiceProtocolTests.m */,
				576F09451E9B83840067D018 /* Info.plist */,
			);
			path = VXRootPageServiceProtocolTests;
			sourceTree = "<group>";
		};
		576F094D1E9B83840067D018 /* VXRootPageServiceProtocolUITests */ = {
			isa = PBXGroup;
			children = (
				576F094E1E9B83840067D018 /* VXRootPageServiceProtocolUITests.m */,
				576F09501E9B83840067D018 /* Info.plist */,
			);
			path = VXRootPageServiceProtocolUITests;
			sourceTree = "<group>";
		};
/* End PBXGroup section */

/* Begin PBXNativeTarget section */
		576F09251E9B83830067D018 /* VXRootPageServiceProtocol */ = {
			isa = PBXNativeTarget;
			buildConfigurationList = 576F09531E9B83840067D018 /* Build configuration list for PBXNativeTarget "VXRootPageServiceProtocol" */;
			buildPhases = (
				576F09221E9B83830067D018 /* Sources */,
				576F09231E9B83830067D018 /* Frameworks */,
				576F09241E9B83830067D018 /* Resources */,
			);
			buildRules = (
			);
			dependencies = (
			);
			name = VXRootPageServiceProtocol;
			productName = VXRootPageServiceProtocol;
			productReference = 576F09261E9B83830067D018 /* VXRootPageServiceProtocol.app */;
			productType = "com.apple.product-type.application";
		};
		576F093E1E9B83840067D018 /* VXRootPageServiceProtocolTests */ = {
			isa = PBXNativeTarget;
			buildConfigurationList = 576F09561E9B83840067D018 /* Build configuration list for PBXNativeTarget "VXRootPageServiceProtocolTests" */;
			buildPhases = (
				576F093B1E9B83840067D018 /* Sources */,
				576F093C1E9B83840067D018 /* Frameworks */,
				576F093D1E9B83840067D018 /* Resources */,
			);
			buildRules = (
			);
			dependencies = (
				576F09411E9B83840067D018 /* PBXTargetDependency */,
			);
			name = VXRootPageServiceProtocolTests;
			productName = VXRootPageServiceProtocolTests;
			productReference = 576F093F1E9B83840067D018 /* VXRootPageServiceProtocolTests.xctest */;
			productType = "com.apple.product-type.bundle.unit-test";
		};
		576F09491E9B83840067D018 /* VXRootPageServiceProtocolUITests */ = {
			isa = PBXNativeTarget;
			buildConfigurationList = 576F09591E9B83840067D018 /* Build configuration list for PBXNativeTarget "VXRootPageServiceProtocolUITests" */;
			buildPhases = (
				576F09461E9B83840067D018 /* Sources */,
				576F09471E9B83840067D018 /* Frameworks */,
				576F09481E9B83840067D018 /* Resources */,
			);
			buildRules = (
			);
			dependencies = (
				576F094C1E9B83840067D018 /* PBXTargetDependency */,
			);
			name = VXRootPageServiceProtocolUITests;
			productName = VXRootPageServiceProtocolUITests;
			productReference = 576F094A1E9B83840067D018 /* VXRootPageServiceProtocolUITests.xctest */;
			productType = "com.apple.product-type.bundle.ui-testing";
		};
/* End PBXNativeTarget section */

/* Begin PBXProject section */
		576F091E1E9B83830067D018 /* Project object */ = {
			isa = PBXProject;
			attributes = {
				LastUpgradeCheck = 0820;
				ORGANIZATIONNAME = voidxin;
				TargetAttributes = {
					576F09251E9B83830067D018 = {
						CreatedOnToolsVersion = 8.2;
						DevelopmentTeam = XZ5PNLT2U8;
						ProvisioningStyle = Automatic;
					};
					576F093E1E9B83840067D018 = {
						CreatedOnToolsVersion = 8.2;
						DevelopmentTeam = XZ5PNLT2U8;
						ProvisioningStyle = Automatic;
						TestTargetID = 576F09251E9B83830067D018;
					};
					576F09491E9B83840067D018 = {
						CreatedOnToolsVersion = 8.2;
						DevelopmentTeam = XZ5PNLT2U8;
						ProvisioningStyle = Automatic;
						TestTargetID = 576F09251E9B83830067D018;
					};
				};
			};
			buildConfigurationList = 576F09211E9B83830067D018 /* Build configuration list for PBXProject "VXRootPageServiceProtocol" */;
			compatibilityVersion = "Xcode 3.2";
			developmentRegion = English;
			hasScannedForEncodings = 0;
			knownRegions = (
				en,
				Base,
			);
			mainGroup = 576F091D1E9B83830067D018;
			productRefGroup = 576F09271E9B83830067D018 /* Products */;
			projectDirPath = "";
			projectRoot = "";
			targets = (
				576F09251E9B83830067D018 /* VXRootPageServiceProtocol */,
				576F093E1E9B83840067D018 /* VXRootPageServiceProtocolTests */,
				576F09491E9B83840067D018 /* VXRootPageServiceProtocolUITests */,
			);
		};
/* End PBXProject section */

/* Begin PBXResourcesBuildPhase section */
		576F09241E9B83830067D018 /* Resources */ = {
			isa = PBXResourcesBuildPhase;
			buildActionMask = 2147483647;
			files = (
				576F09391E9B83840067D018 /* LaunchScreen.storyboard in Resources */,
				576F09361E9B83840067D018 /* Assets.xcassets in Resources */,
				576F09341E9B83840067D018 /* Main.storyboard in Resources */,
			);
			runOnlyForDeploymentPostprocessing = 0;
		};
		576F093D1E9B83840067D018 /* Resources */ = {
			isa = PBXResourcesBuildPhase;
			buildActionMask = 2147483647;
			files = (
			);
			runOnlyForDeploymentPostprocessing = 0;
		};
		576F09481E9B83840067D018 /* Resources */ = {
			isa = PBXResourcesBuildPhase;
			buildActionMask = 2147483647;
			files = (
			);
			runOnlyForDeploymentPostprocessing = 0;
		};
/* End PBXResourcesBuildPhase section */

/* Begin PBXSourcesBuildPhase section */
		576F09221E9B83830067D018 /* Sources */ = {
			isa = PBXSourcesBuildPhase;
			buildActionMask = 2147483647;
			files = (
				576F09311E9B83830067D018 /* ViewController.m in Sources */,
				576F092E1E9B83830067D018 /* AppDelegate.m in Sources */,
				576F092B1E9B83830067D018 /* main.m in Sources */,
			);
			runOnlyForDeploymentPostprocessing = 0;
		};
		576F093B1E9B83840067D018 /* Sources */ = {
			isa = PBXSourcesBuildPhase;
			buildActionMask = 2147483647;
			files = (
				576F09441E9B83840067D018 /* VXRootPageServiceProtocolTests.m in Sources */,
			);
			runOnlyForDeploymentPostprocessing = 0;
		};
		576F09461E9B83840067D018 /* Sources */ = {
			isa = PBXSourcesBuildPhase;
			buildActionMask = 2147483647;
			files = (
				576F094F1E9B83840067D018 /* VXRootPageServiceProtocolUITests.m in Sources */,
			);
			runOnlyForDeploymentPostprocessing = 0;
		};
/* End PBXSourcesBuildPhase section */

/* Begin PBXTargetDependency section */
		576F09411E9B83840067D018 /* PBXTargetDependency */ = {
			isa = PBXTargetDependency;
			target = 576F09251E9B83830067D018 /* VXRootPageServiceProtocol */;
			targetProxy = 576F09401E9B83840067D018 /* PBXContainerItemProxy */;
		};
		576F094C1E9B83840067D018 /* PBXTargetDependency */ = {
			isa = PBXTargetDependency;
			target = 576F09251E9B83830067D018 /* VXRootPageServiceProtocol */;
			targetProxy = 576F094B1E9B83840067D018 /* PBXContainerItemProxy */;
		};
/* End PBXTargetDependency section */

/* Begin PBXVariantGroup section */
		576F09321E9B83840067D018 /* Main.storyboard */ = {
			isa = PBXVariantGroup;
			children = (
				576F09331E9B83840067D018 /* Base */,
			);
			name = Main.storyboard;
			sourceTree = "<group>";
		};
		576F09371E9B83840067D018 /* LaunchScreen.storyboard */ = {
			isa = PBXVariantGroup;
			children = (
				576F09381E9B83840067D018 /* Base */,
			);
			name = LaunchScreen.storyboard;
			sourceTree = "<group>";
		};
/* End PBXVariantGroup section */

/* Begin XCBuildConfiguration section */
		576F09511E9B83840067D018 /* Debug */ = {
			isa = XCBuildConfiguration;
			buildSettings = {
				ALWAYS_SEARCH_USER_PATHS = NO;
				CLANG_ANALYZER_NONNULL = YES;
				CLANG_CXX_LANGUAGE_STANDARD = "gnu++0x";
				CLANG_CXX_LIBRARY = "libc++";
				CLANG_ENABLE_MODULES = YES;
				CLANG_ENABLE_OBJC_ARC = YES;
				CLANG_WARN_BOOL_CONVERSION = YES;
				CLANG_WARN_CONSTANT_CONVERSION = YES;
				CLANG_WARN_DIRECT_OBJC_ISA_USAGE = YES_ERROR;
				CLANG_WARN_DOCUMENTATION_COMMENTS = YES;
				CLANG_WARN_EMPTY_BODY = YES;
				CLANG_WARN_ENUM_CONVERSION = YES;
				CLANG_WARN_INFINITE_RECURSION = YES;
				CLANG_WARN_INT_CONVERSION = YES;
				CLANG_WARN_OBJC_ROOT_CLASS = YES_ERROR;
				CLANG_WARN_SUSPICIOUS_MOVE = YES;
				CLANG_WARN_UNREACHABLE_CODE = YES;
				CLANG_WARN__DUPLICATE_METHOD_MATCH = YES;
				"CODE_SIGN_IDENTITY[sdk=iphoneos*]" = "iPhone Developer";
				COPY_PHASE_STRIP = NO;
				DEBUG_INFORMATION_FORMAT = dwarf;
				ENABLE_STRICT_OBJC_MSGSEND = YES;
				ENABLE_TESTABILITY = YES;
				GCC_C_LANGUAGE_STANDARD = gnu99;
				GCC_DYNAMIC_NO_PIC = NO;
				GCC_NO_COMMON_BLOCKS = YES;
				GCC_OPTIMIZATION_LEVEL = 0;
				GCC_PREPROCESSOR_DEFINITIONS = (
					"DEBUG=1",
					"$(inherited)",
				);
				GCC_WARN_64_TO_32_BIT_CONVERSION = YES;
				GCC_WARN_ABOUT_RETURN_TYPE = YES_ERROR;
				GCC_WARN_UNDECLARED_SELECTOR = YES;
				GCC_WARN_UNINITIALIZED_AUTOS = YES_AGGRESSIVE;
				GCC_WARN_UNUSED_FUNCTION = YES;
				GCC_WARN_UNUSED_VARIABLE = YES;
				IPHONEOS_DEPLOYMENT_TARGET = 10.2;
				MTL_ENABLE_DEBUG_INFO = YES;
				ONLY_ACTIVE_ARCH = YES;
				SDKROOT = iphoneos;
			};
			name = Debug;
		};
		576F09521E9B83840067D018 /* Release */ = {
			isa = XCBuildConfiguration;
			buildSettings = {
				ALWAYS_SEARCH_USER_PATHS = NO;
				CLANG_ANALYZER_NONNULL = YES;
				CLANG_CXX_LANGUAGE_STANDARD = "gnu++0x";
				CLANG_CXX_LIBRARY = "libc++";
				CLANG_ENABLE_MODULES = YES;
				CLANG_ENABLE_OBJC_ARC = YES;
				CLANG_WARN_BOOL_CONVERSION = YES;
				CLANG_WARN_CONSTANT_CONVERSION = YES;
				CLANG_WARN_DIRECT_OBJC_ISA_USAGE = YES_ERROR;
				CLANG_WARN_DOCUMENTATION_COMMENTS = YES;
				CLANG_WARN_EMPTY_BODY = YES;
				CLANG_WARN_ENUM_CONVERSION = YES;
				CLANG_WARN_INFINITE_RECURSION = YES;
				CLANG_WARN_INT_CONVERSION = YES;
				CLANG_WARN_OBJC_ROOT_CLASS = YES_ERROR;
				CLANG_WARN_SUSPICIOUS_MOVE = YES;
				CLANG_WARN_UNREACHABLE_CODE = YES;
				CLANG_WARN__DUPLICATE_METHOD_MATCH = YES;
				"CODE_SIGN_IDENTITY[sdk=iphoneos*]" = "iPhone Developer";
				COPY_PHASE_STRIP = NO;
				DEBUG_INFORMATION_FORMAT = "dwarf-with-dsym";
				ENABLE_NS_ASSERTIONS = NO;
				ENABLE_STRICT_OBJC_MSGSEND = YES;
				GCC_C_LANGUAGE_STANDARD = gnu99;
				GCC_NO_COMMON_BLOCKS = YES;
				GCC_WARN_64_TO_32_BIT_CONVERSION = YES;
				GCC_WARN_ABOUT_RETURN_TYPE = YES_ERROR;
				GCC_WARN_UNDECLARED_SELECTOR = YES;
				GCC_WARN_UNINITIALIZED_AUTOS = YES_AGGRESSIVE;
				GCC_WARN_UNUSED_FUNCTION = YES;
				GCC_WARN_UNUSED_VARIABLE = YES;
				IPHONEOS_DEPLOYMENT_TARGET = 10.2;
				MTL_ENABLE_DEBUG_INFO = NO;
				SDKROOT = iphoneos;
				VALIDATE_PRODUCT = YES;
			};
			name = Release;
		};
		576F09541E9B83840067D018 /* Debug */ = {
			isa = XCBuildConfiguration;
			buildSettings = {
				ASSETCATALOG_COMPILER_APPICON_NAME = AppIcon;
				DEVELOPMENT_TEAM = XZ5PNLT2U8;
				INFOPLIST_FILE = VXRootPageServiceProtocol/Info.plist;
				LD_RUNPATH_SEARCH_PATHS = "$(inherited) @executable_path/Frameworks";
				PRODUCT_BUNDLE_IDENTIFIER = voidxin.VXRootPageServiceProtocol;
				PRODUCT_NAME = "$(TARGET_NAME)";
			};
			name = Debug;
		};
		576F09551E9B83840067D018 /* Release */ = {
			isa = XCBuildConfiguration;
			buildSettings = {
				ASSETCATALOG_COMPILER_APPICON_NAME = AppIcon;
				DEVELOPMENT_TEAM = XZ5PNLT2U8;
				INFOPLIST_FILE = VXRootPageServiceProtocol/Info.plist;
				LD_RUNPATH_SEARCH_PATHS = "$(inherited) @executable_path/Frameworks";
				PRODUCT_BUNDLE_IDENTIFIER = voidxin.VXRootPageServiceProtocol;
				PRODUCT_NAME = "$(TARGET_NAME)";
			};
			name = Release;
		};
		576F09571E9B83840067D018 /* Debug */ = {
			isa = XCBuildConfiguration;
			buildSettings = {
				BUNDLE_LOADER = "$(TEST_HOST)";
				DEVELOPMENT_TEAM = XZ5PNLT2U8;
				INFOPLIST_FILE = VXRootPageServiceProtocolTests/Info.plist;
				LD_RUNPATH_SEARCH_PATHS = "$(inherited) @executable_path/Frameworks @loader_path/Frameworks";
				PRODUCT_BUNDLE_IDENTIFIER = voidxin.VXRootPageServiceProtocolTests;
				PRODUCT_NAME = "$(TARGET_NAME)";
				TEST_HOST = "$(BUILT_PRODUCTS_DIR)/VXRootPageServiceProtocol.app/VXRootPageServiceProtocol";
			};
			name = Debug;
		};
		576F09581E9B83840067D018 /* Release */ = {
			isa = XCBuildConfiguration;
			buildSettings = {
				BUNDLE_LOADER = "$(TEST_HOST)";
				DEVELOPMENT_TEAM = XZ5PNLT2U8;
				INFOPLIST_FILE = VXRootPageServiceProtocolTests/Info.plist;
				LD_RUNPATH_SEARCH_PATHS = "$(inherited) @executable_path/Frameworks @loader_path/Frameworks";
				PRODUCT_BUNDLE_IDENTIFIER = voidxin.VXRootPageServiceProtocolTests;
				PRODUCT_NAME = "$(TARGET_NAME)";
				TEST_HOST = "$(BUILT_PRODUCTS_DIR)/VXRootPageServiceProtocol.app/VXRootPageServiceProtocol";
			};
			name = Release;
		};
		576F095A1E9B83840067D018 /* Debug */ = {
			isa = XCBuildConfiguration;
			buildSettings = {
				DEVELOPMENT_TEAM = XZ5PNLT2U8;
				INFOPLIST_FILE = VXRootPageServiceProtocolUITests/Info.plist;
				LD_RUNPATH_SEARCH_PATHS = "$(inherited) @executable_path/Frameworks @loader_path/Frameworks";
				PRODUCT_BUNDLE_IDENTIFIER = voidxin.VXRootPageServiceProtocolUITests;
				PRODUCT_NAME = "$(TARGET_NAME)";
				TEST_TARGET_NAME = VXRootPageServiceProtocol;
			};
			name = Debug;
		};
		576F095B1E9B83840067D018 /* Release */ = {
			isa = XCBuildConfiguration;
			buildSettings = {
				DEVELOPMENT_TEAM = XZ5PNLT2U8;
				INFOPLIST_FILE = VXRootPageServiceProtocolUITests/Info.plist;
				LD_RUNPATH_SEARCH_PATHS = "$(inherited) @executable_path/Frameworks @loader_path/Frameworks";
				PRODUCT_BUNDLE_IDENTIFIER = voidxin.VXRootPageServiceProtocolUITests;
				PRODUCT_NAME = "$(TARGET_NAME)";
				TEST_TARGET_NAME = VXRootPageServiceProtocol;
			};
			name = Release;
		};
/* End XCBuildConfiguration section */

/* Begin XCConfigurationList section */
		576F09211E9B83830067D018 /* Build configuration list for PBXProject "VXRootPageServiceProtocol" */ = {
			isa = XCConfigurationList;
			buildConfigurations = (
				576F09511E9B83840067D018 /* Debug */,
				576F09521E9B83840067D018 /* Release */,
			);
			defaultConfigurationIsVisible = 0;
			defaultConfigurationName = Release;
		};
		576F09531E9B83840067D018 /* Build configuration list for PBXNativeTarget "VXRootPageServiceProtocol" */ = {
			isa = XCConfigurationList;
			buildConfigurations = (
				576F09541E9B83840067D018 /* Debug */,
				576F09551E9B83840067D018 /* Release */,
			);
			defaultConfigurationIsVisible = 0;
		};
		576F09561E9B83840067D018 /* Build configuration list for PBXNativeTarget "VXRootPageServiceProtocolTests" */ = {
			isa = XCConfigurationList;
			buildConfigurations = (
				576F09571E9B83840067D018 /* Debug */,
				576F09581E9B83840067D018 /* Release */,
			);
			defaultConfigurationIsVisible = 0;
		};
		576F09591E9B83840067D018 /* Build configuration list for PBXNativeTarget "VXRootPageServiceProtocolUITests" */ = {
			isa = XCConfigurationList;
			buildConfigurations = (
				576F095A1E9B83840067D018 /* Debug */,
				576F095B1E9B83840067D018 /* Release */,
			);
			defaultConfigurationIsVisible = 0;
		};
/* End XCConfigurationList section */
	};
	rootObject = 576F091E1E9B83830067D018 /* Project object */;
}
